
Microsoft Visual Studio Solution File, Format Version 12.00
# Visual Studio Version 16
VisualStudioVersion = 16.0.29306.81
MinimumVisualStudioVersion = 10.0.40219.1
Project("{8BC9CEB8-8B4A-11D0-8D11-00A0C91BC942}") = "Test_Space", "Test_Space.vcxproj", "{8005C8D6-C575-4B91-B0A7-176023642FC8}"
EndProject
Global
	GlobalSection(SolutionConfigurationPlatforms) = preSolution
		Debug|x64 = Debug|x64
		Debug|x86 = Debug|x86
		Release|x64 = Release|x64
		Release|x86 = Release|x86
	EndGlobalSection
	GlobalSection(ProjectConfigurationPlatforms) = postSolution
		{8005C8D6-C575-4B91-B0A7-176023642FC8}.Debug|x64.ActiveCfg = Debug|x64
		{8005C8D6-C575-4B91-B0A7-176023642FC8}.Debug|x64.Build.0 = Debug|x64
		{8005C8D6-C575-4B91-B0A7-176023642FC8}.Debug|x86.ActiveCfg = Debug|Win32
		{8005C8D6-C575-4B91-B0A7-176023642FC8}.Debug|x86.Build.0 = Debug|Win32
		{8005C8D6-C575-4B91-B0A7-176023642FC8}.Release|x64.ActiveCfg = Release|x64
		{8005C8D6-C575-4B91-B0A7-176023642FC8}.Release|x64.Build.0 = Release|x64
		{8005C8D6-C575-4B91-B0A7-176023642FC8}.Release|x86.ActiveCfg = Release|Win32
		{8005C8D6-C575-4B91-B0A7-176023642FC8}.Release|x86.Build.0 = Release|Win32
	EndGlobalSection
	GlobalSection(SolutionProperties) = preSolution
		HideSolutionNode = FALSE
	EndGlobalSection
	GlobalSection(ExtensibilityGlobals) = postSolution
		SolutionGuid = {26FCAA92-47CE-4E3F-8310-0AE93326C135}
	EndGlobalSection
EndGlobal
