
Microsoft Visual Studio Solution File, Format Version 12.00
# Visual Studio Version 16
VisualStudioVersion = 16.0.29306.81
MinimumVisualStudioVersion = 10.0.40219.1
Project("{8BC9CEB8-8B4A-11D0-8D11-00A0C91BC942}") = "Temperature", "Temperature.vcxproj", "{1E065C86-3681-4C20-84F9-A096B21657CE}"
EndProject
Global
	GlobalSection(SolutionConfigurationPlatforms) = preSolution
		Debug|x64 = Debug|x64
		Debug|x86 = Debug|x86
		Release|x64 = Release|x64
		Release|x86 = Release|x86
	EndGlobalSection
	GlobalSection(ProjectConfigurationPlatforms) = postSolution
		{1E065C86-3681-4C20-84F9-A096B21657CE}.Debug|x64.ActiveCfg = Debug|x64
		{1E065C86-3681-4C20-84F9-A096B21657CE}.Debug|x64.Build.0 = Debug|x64
		{1E065C86-3681-4C20-84F9-A096B21657CE}.Debug|x86.ActiveCfg = Debug|Win32
		{1E065C86-3681-4C20-84F9-A096B21657CE}.Debug|x86.Build.0 = Debug|Win32
		{1E065C86-3681-4C20-84F9-A096B21657CE}.Release|x64.ActiveCfg = Release|x64
		{1E065C86-3681-4C20-84F9-A096B21657CE}.Release|x64.Build.0 = Release|x64
		{1E065C86-3681-4C20-84F9-A096B21657CE}.Release|x86.ActiveCfg = Release|Win32
		{1E065C86-3681-4C20-84F9-A096B21657CE}.Release|x86.Build.0 = Release|Win32
	EndGlobalSection
	GlobalSection(SolutionProperties) = preSolution
		HideSolutionNode = FALSE
	EndGlobalSection
	GlobalSection(ExtensibilityGlobals) = postSolution
		SolutionGuid = {BF9D3895-2C51-4C72-A0F4-E0CF7C810D35}
	EndGlobalSection
EndGlobal
