
Microsoft Visual Studio Solution File, Format Version 12.00
# Visual Studio Version 16
VisualStudioVersion = 16.0.29306.81
MinimumVisualStudioVersion = 10.0.40219.1
Project("{8BC9CEB8-8B4A-11D0-8D11-00A0C91BC942}") = "Idit3", "Idit3.vcxproj", "{CCDA5146-E049-4EC5-82F3-E9143E40058B}"
EndProject
Global
	GlobalSection(SolutionConfigurationPlatforms) = preSolution
		Debug|x64 = Debug|x64
		Debug|x86 = Debug|x86
		Release|x64 = Release|x64
		Release|x86 = Release|x86
	EndGlobalSection
	GlobalSection(ProjectConfigurationPlatforms) = postSolution
		{CCDA5146-E049-4EC5-82F3-E9143E40058B}.Debug|x64.ActiveCfg = Debug|x64
		{CCDA5146-E049-4EC5-82F3-E9143E40058B}.Debug|x64.Build.0 = Debug|x64
		{CCDA5146-E049-4EC5-82F3-E9143E40058B}.Debug|x86.ActiveCfg = Debug|Win32
		{CCDA5146-E049-4EC5-82F3-E9143E40058B}.Debug|x86.Build.0 = Debug|Win32
		{CCDA5146-E049-4EC5-82F3-E9143E40058B}.Release|x64.ActiveCfg = Release|x64
		{CCDA5146-E049-4EC5-82F3-E9143E40058B}.Release|x64.Build.0 = Release|x64
		{CCDA5146-E049-4EC5-82F3-E9143E40058B}.Release|x86.ActiveCfg = Release|Win32
		{CCDA5146-E049-4EC5-82F3-E9143E40058B}.Release|x86.Build.0 = Release|Win32
	EndGlobalSection
	GlobalSection(SolutionProperties) = preSolution
		HideSolutionNode = FALSE
	EndGlobalSection
	GlobalSection(ExtensibilityGlobals) = postSolution
		SolutionGuid = {0A4F8923-BEE3-4D0B-9FE7-2AB219A1C9EC}
	EndGlobalSection
EndGlobal
